
Microsoft Visual Studio Solution File, Format Version 12.00
# Visual Studio Version 16
VisualStudioVersion = 16.0.32106.194
MinimumVisualStudioVersion = 10.0.40219.1
Project("{FAE04EC0-301F-11D3-BF4B-00C04F79EFBC}") = "ApplicationSecurityAssgn_203771h", "ApplicationSecurityAssgn_203771h.csproj", "{AE5F21AB-3572-445C-809D-7C39601FDC68}"
EndProject
Global
	GlobalSection(SolutionConfigurationPlatforms) = preSolution
		Debug|Any CPU = Debug|Any CPU
		Release|Any CPU = Release|Any CPU
	EndGlobalSection
	GlobalSection(ProjectConfigurationPlatforms) = postSolution
		{AE5F21AB-3572-445C-809D-7C39601FDC68}.Debug|Any CPU.ActiveCfg = Debug|Any CPU
		{AE5F21AB-3572-445C-809D-7C39601FDC68}.Debug|Any CPU.Build.0 = Debug|Any CPU
		{AE5F21AB-3572-445C-809D-7C39601FDC68}.Release|Any CPU.ActiveCfg = Release|Any CPU
		{AE5F21AB-3572-445C-809D-7C39601FDC68}.Release|Any CPU.Build.0 = Release|Any CPU
	EndGlobalSection
	GlobalSection(SolutionProperties) = preSolution
		HideSolutionNode = FALSE
	EndGlobalSection
	GlobalSection(ExtensibilityGlobals) = postSolution
		SolutionGuid = {8BF7A77A-3A2F-4A58-9C56-D06F26141E8A}
	EndGlobalSection
EndGlobal
